
Microsoft Visual Studio Solution File, Format Version 12.00
# Visual Studio 15
VisualStudioVersion = 15.0.26730.15
MinimumVisualStudioVersion = 10.0.40219.1
Project("{9A19103F-16F7-4668-BE54-9A1E7A4F7556}") = "amsv3functions", "amsv3functions\amsv3functions.csproj", "{D7136A66-2E34-4FB1-BDAB-4FE6D7DC96B8}"
EndProject
Global
	GlobalSection(SolutionConfigurationPlatforms) = preSolution
		Debug|Any CPU = Debug|Any CPU
		Release|Any CPU = Release|Any CPU
	EndGlobalSection
	GlobalSection(ProjectConfigurationPlatforms) = postSolution
		{D7136A66-2E34-4FB1-BDAB-4FE6D7DC96B8}.Debug|Any CPU.ActiveCfg = Debug|Any CPU
		{D7136A66-2E34-4FB1-BDAB-4FE6D7DC96B8}.Debug|Any CPU.Build.0 = Debug|Any CPU
		{D7136A66-2E34-4FB1-BDAB-4FE6D7DC96B8}.Release|Any CPU.ActiveCfg = Release|Any CPU
		{D7136A66-2E34-4FB1-BDAB-4FE6D7DC96B8}.Release|Any CPU.Build.0 = Release|Any CPU
	EndGlobalSection
	GlobalSection(SolutionProperties) = preSolution
		HideSolutionNode = FALSE
	EndGlobalSection
	GlobalSection(ExtensibilityGlobals) = postSolution
		SolutionGuid = {3EF42D00-48A1-4F13-B5AB-863975810414}
	EndGlobalSection
EndGlobal
